// !$*UTF8*$!
{
	archiveVersion = 1;
	classes = {
	};
	objectVersion = 50;
	objects = {

/* Begin PBXBuildFile section */
		12197BF0026AD74A5DB250BF /* Pods_cleanNewsTests.framework in Frameworks */ = {isa = PBXBuildFile; fileRef = DCF4DD3651FFEA6C42716361 /* Pods_cleanNewsTests.framework */; };
		193984C520E57E4200D11CC4 /* AppDelegate.swift in Sources */ = {isa = PBXBuildFile; fileRef = 193984C420E57E4200D11CC4 /* AppDelegate.swift */; };
		193984C720E57E4200D11CC4 /* ViewController.swift in Sources */ = {isa = PBXBuildFile; fileRef = 193984C620E57E4200D11CC4 /* ViewController.swift */; };
		193984CA20E57E4200D11CC4 /* Main.storyboard in Resources */ = {isa = PBXBuildFile; fileRef = 193984C820E57E4200D11CC4 /* Main.storyboard */; };
		193984CC20E57E4400D11CC4 /* Assets.xcassets in Resources */ = {isa = PBXBuildFile; fileRef = 193984CB20E57E4400D11CC4 /* Assets.xcassets */; };
		193984CF20E57E4400D11CC4 /* LaunchScreen.storyboard in Resources */ = {isa = PBXBuildFile; fileRef = 193984CD20E57E4400D11CC4 /* LaunchScreen.storyboard */; };
		193984DA20E57E4400D11CC4 /* cleanNewsTests.swift in Sources */ = {isa = PBXBuildFile; fileRef = 193984D920E57E4400D11CC4 /* cleanNewsTests.swift */; };
		196F5AD620E669FA00816274 /* APIClient.swift in Sources */ = {isa = PBXBuildFile; fileRef = 196F5AD520E669FA00816274 /* APIClient.swift */; };
		196F5AD820E66BAB00816274 /* News.swift in Sources */ = {isa = PBXBuildFile; fileRef = 196F5AD720E66BAB00816274 /* News.swift */; };
		196F5ADA20E66BB400816274 /* Source.swift in Sources */ = {isa = PBXBuildFile; fileRef = 196F5AD920E66BB400816274 /* Source.swift */; };
		196F5ADC20E6747800816274 /* NewsResponse.swift in Sources */ = {isa = PBXBuildFile; fileRef = 196F5ADB20E6747800816274 /* NewsResponse.swift */; };
		7BC2014853BA8C1067A959F6 /* Pods_cleanNews.framework in Frameworks */ = {isa = PBXBuildFile; fileRef = 8542E9F51B8D2E9B3DDD2A82 /* Pods_cleanNews.framework */; };
/* End PBXBuildFile section */

/* Begin PBXContainerItemProxy section */
		193984D620E57E4400D11CC4 /* PBXContainerItemProxy */ = {
			isa = PBXContainerItemProxy;
			containerPortal = 193984B920E57E4200D11CC4 /* Project object */;
			proxyType = 1;
			remoteGlobalIDString = 193984C020E57E4200D11CC4;
			remoteInfo = cleanNews;
		};
/* End PBXContainerItemProxy section */

/* Begin PBXFileReference section */
		193984C120E57E4200D11CC4 /* cleanNews.app */ = {isa = PBXFileReference; explicitFileType = wrapper.application; includeInIndex = 0; path = cleanNews.app; sourceTree = BUILT_PRODUCTS_DIR; };
		193984C420E57E4200D11CC4 /* AppDelegate.swift */ = {isa = PBXFileReference; lastKnownFileType = sourcecode.swift; path = AppDelegate.swift; sourceTree = "<group>"; };
		193984C620E57E4200D11CC4 /* ViewController.swift */ = {isa = PBXFileReference; lastKnownFileType = sourcecode.swift; path = ViewController.swift; sourceTree = "<group>"; };
		193984C920E57E4200D11CC4 /* Base */ = {isa = PBXFileReference; lastKnownFileType = file.storyboard; name = Base; path = Base.lproj/Main.storyboard; sourceTree = "<group>"; };
		193984CB20E57E4400D11CC4 /* Assets.xcassets */ = {isa = PBXFileReference; lastKnownFileType = folder.assetcatalog; path = Assets.xcassets; sourceTree = "<group>"; };
		193984CE20E57E4400D11CC4 /* Base */ = {isa = PBXFileReference; lastKnownFileType = file.storyboard; name = Base; path = Base.lproj/LaunchScreen.storyboard; sourceTree = "<group>"; };
		193984D020E57E4400D11CC4 /* Info.plist */ = {isa = PBXFileReference; lastKnownFileType = text.plist.xml; path = Info.plist; sourceTree = "<group>"; };
		193984D520E57E4400D11CC4 /* cleanNewsTests.xctest */ = {isa = PBXFileReference; explicitFileType = wrapper.cfbundle; includeInIndex = 0; path = cleanNewsTests.xctest; sourceTree = BUILT_PRODUCTS_DIR; };
		193984D920E57E4400D11CC4 /* cleanNewsTests.swift */ = {isa = PBXFileReference; lastKnownFileType = sourcecode.swift; path = cleanNewsTests.swift; sourceTree = "<group>"; };
		193984DB20E57E4400D11CC4 /* Info.plist */ = {isa = PBXFileReference; lastKnownFileType = text.plist.xml; path = Info.plist; sourceTree = "<group>"; };
		196F5AD520E669FA00816274 /* APIClient.swift */ = {isa = PBXFileReference; lastKnownFileType = sourcecode.swift; path = APIClient.swift; sourceTree = "<group>"; };
		196F5AD720E66BAB00816274 /* News.swift */ = {isa = PBXFileReference; lastKnownFileType = sourcecode.swift; path = News.swift; sourceTree = "<group>"; };
		196F5AD920E66BB400816274 /* Source.swift */ = {isa = PBXFileReference; lastKnownFileType = sourcecode.swift; path = Source.swift; sourceTree = "<group>"; };
		196F5ADB20E6747800816274 /* NewsResponse.swift */ = {isa = PBXFileReference; lastKnownFileType = sourcecode.swift; path = NewsResponse.swift; sourceTree = "<group>"; };
		1AAAE10D8FE55AEEDB8FCCC9 /* Pods-cleanNewsTests.debug.xcconfig */ = {isa = PBXFileReference; includeInIndex = 1; lastKnownFileType = text.xcconfig; name = "Pods-cleanNewsTests.debug.xcconfig"; path = "Pods/Target Support Files/Pods-cleanNewsTests/Pods-cleanNewsTests.debug.xcconfig"; sourceTree = "<group>"; };
		45EA641D52B1C4DC51C243FA /* Pods-cleanNews.release.xcconfig */ = {isa = PBXFileReference; includeInIndex = 1; lastKnownFileType = text.xcconfig; name = "Pods-cleanNews.release.xcconfig"; path = "Pods/Target Support Files/Pods-cleanNews/Pods-cleanNews.release.xcconfig"; sourceTree = "<group>"; };
		62826B2CD94BC345ADAEF474 /* Pods-cleanNewsTests.release.xcconfig */ = {isa = PBXFileReference; includeInIndex = 1; lastKnownFileType = text.xcconfig; name = "Pods-cleanNewsTests.release.xcconfig"; path = "Pods/Target Support Files/Pods-cleanNewsTests/Pods-cleanNewsTests.release.xcconfig"; sourceTree = "<group>"; };
		8542E9F51B8D2E9B3DDD2A82 /* Pods_cleanNews.framework */ = {isa = PBXFileReference; explicitFileType = wrapper.framework; includeInIndex = 0; path = Pods_cleanNews.framework; sourceTree = BUILT_PRODUCTS_DIR; };
		867CBEB888AD04CF357813BF /* Pods-cleanNews.debug.xcconfig */ = {isa = PBXFileReference; includeInIndex = 1; lastKnownFileType = text.xcconfig; name = "Pods-cleanNews.debug.xcconfig"; path = "Pods/Target Support Files/Pods-cleanNews/Pods-cleanNews.debug.xcconfig"; sourceTree = "<group>"; };
		DCF4DD3651FFEA6C42716361 /* Pods_cleanNewsTests.framework */ = {isa = PBXFileReference; explicitFileType = wrapper.framework; includeInIndex = 0; path = Pods_cleanNewsTests.framework; sourceTree = BUILT_PRODUCTS_DIR; };
/* End PBXFileReference section */

/* Begin PBXFrameworksBuildPhase section */
		193984BE20E57E4200D11CC4 /* Frameworks */ = {
			isa = PBXFrameworksBuildPhase;
			buildActionMask = 2147483647;
			files = (
				7BC2014853BA8C1067A959F6 /* Pods_cleanNews.framework in Frameworks */,
			);
			runOnlyForDeploymentPostprocessing = 0;
		};
		193984D220E57E4400D11CC4 /* Frameworks */ = {
			isa = PBXFrameworksBuildPhase;
			buildActionMask = 2147483647;
			files = (
				12197BF0026AD74A5DB250BF /* Pods_cleanNewsTests.framework in Frameworks */,
			);
			runOnlyForDeploymentPostprocessing = 0;
		};
/* End PBXFrameworksBuildPhase section */

/* Begin PBXGroup section */
		0A8C669F2DB439192312F92B /* Pods */ = {
			isa = PBXGroup;
			children = (
				867CBEB888AD04CF357813BF /* Pods-cleanNews.debug.xcconfig */,
				45EA641D52B1C4DC51C243FA /* Pods-cleanNews.release.xcconfig */,
				1AAAE10D8FE55AEEDB8FCCC9 /* Pods-cleanNewsTests.debug.xcconfig */,
				62826B2CD94BC345ADAEF474 /* Pods-cleanNewsTests.release.xcconfig */,
			);
			name = Pods;
			sourceTree = "<group>";
		};
		193984B820E57E4200D11CC4 = {
			isa = PBXGroup;
			children = (
				193984C320E57E4200D11CC4 /* cleanNews */,
				193984D820E57E4400D11CC4 /* cleanNewsTests */,
				193984C220E57E4200D11CC4 /* Products */,
				0A8C669F2DB439192312F92B /* Pods */,
				82AB7EAD3BD35816618D6844 /* Frameworks */,
			);
			sourceTree = "<group>";
		};
		193984C220E57E4200D11CC4 /* Products */ = {
			isa = PBXGroup;
			children = (
				193984C120E57E4200D11CC4 /* cleanNews.app */,
				193984D520E57E4400D11CC4 /* cleanNewsTests.xctest */,
			);
			name = Products;
			sourceTree = "<group>";
		};
		193984C320E57E4200D11CC4 /* cleanNews */ = {
			isa = PBXGroup;
			children = (
				196F5AD220E669C200816274 /* presentation */,
				196F5AD120E669BD00816274 /* domain */,
				196F5AD020E669B600816274 /* data */,
				193984C420E57E4200D11CC4 /* AppDelegate.swift */,
				193984C620E57E4200D11CC4 /* ViewController.swift */,
				193984C820E57E4200D11CC4 /* Main.storyboard */,
				193984CB20E57E4400D11CC4 /* Assets.xcassets */,
				193984CD20E57E4400D11CC4 /* LaunchScreen.storyboard */,
				193984D020E57E4400D11CC4 /* Info.plist */,
			);
			path = cleanNews;
			sourceTree = "<group>";
		};
		193984D820E57E4400D11CC4 /* cleanNewsTests */ = {
			isa = PBXGroup;
			children = (
				193984D920E57E4400D11CC4 /* cleanNewsTests.swift */,
				193984DB20E57E4400D11CC4 /* Info.plist */,
			);
			path = cleanNewsTests;
			sourceTree = "<group>";
		};
		196F5AD020E669B600816274 /* data */ = {
			isa = PBXGroup;
			children = (
				196F5AD420E669ED00816274 /* API */,
				196F5AD320E669E700816274 /* Entities */,
			);
			path = data;
			sourceTree = "<group>";
		};
		196F5AD120E669BD00816274 /* domain */ = {
			isa = PBXGroup;
			children = (
			);
			path = domain;
			sourceTree = "<group>";
		};
		196F5AD220E669C200816274 /* presentation */ = {
			isa = PBXGroup;
			children = (
			);
			path = presentation;
			sourceTree = "<group>";
		};
		196F5AD320E669E700816274 /* Entities */ = {
			isa = PBXGroup;
			children = (
				196F5AD720E66BAB00816274 /* News.swift */,
				196F5AD920E66BB400816274 /* Source.swift */,
				196F5ADB20E6747800816274 /* NewsResponse.swift */,
			);
			path = Entities;
			sourceTree = "<group>";
		};
		196F5AD420E669ED00816274 /* API */ = {
			isa = PBXGroup;
			children = (
				196F5AD520E669FA00816274 /* APIClient.swift */,
			);
			path = API;
			sourceTree = "<group>";
		};
		82AB7EAD3BD35816618D6844 /* Frameworks */ = {
			isa = PBXGroup;
			children = (
				8542E9F51B8D2E9B3DDD2A82 /* Pods_cleanNews.framework */,
				DCF4DD3651FFEA6C42716361 /* Pods_cleanNewsTests.framework */,
			);
			name = Frameworks;
			sourceTree = "<group>";
		};
/* End PBXGroup section */

/* Begin PBXNativeTarget section */
		193984C020E57E4200D11CC4 /* cleanNews */ = {
			isa = PBXNativeTarget;
			buildConfigurationList = 193984DE20E57E4400D11CC4 /* Build configuration list for PBXNativeTarget "cleanNews" */;
			buildPhases = (
				69CBBD0E8785AC698CB963B5 /* [CP] Check Pods Manifest.lock */,
				193984BD20E57E4200D11CC4 /* Sources */,
				193984BE20E57E4200D11CC4 /* Frameworks */,
				193984BF20E57E4200D11CC4 /* Resources */,
				49D8ADFBAB1307C854A8937D /* [CP] Embed Pods Frameworks */,
			);
			buildRules = (
			);
			dependencies = (
			);
			name = cleanNews;
			productName = cleanNews;
			productReference = 193984C120E57E4200D11CC4 /* cleanNews.app */;
			productType = "com.apple.product-type.application";
		};
		193984D420E57E4400D11CC4 /* cleanNewsTests */ = {
			isa = PBXNativeTarget;
			buildConfigurationList = 193984E120E57E4400D11CC4 /* Build configuration list for PBXNativeTarget "cleanNewsTests" */;
			buildPhases = (
				9A05EEE7C2B24BD12B9EABFD /* [CP] Check Pods Manifest.lock */,
				193984D120E57E4400D11CC4 /* Sources */,
				193984D220E57E4400D11CC4 /* Frameworks */,
				193984D320E57E4400D11CC4 /* Resources */,
			);
			buildRules = (
			);
			dependencies = (
				193984D720E57E4400D11CC4 /* PBXTargetDependency */,
			);
			name = cleanNewsTests;
			productName = cleanNewsTests;
			productReference = 193984D520E57E4400D11CC4 /* cleanNewsTests.xctest */;
			productType = "com.apple.product-type.bundle.unit-test";
		};
/* End PBXNativeTarget section */

/* Begin PBXProject section */
		193984B920E57E4200D11CC4 /* Project object */ = {
			isa = PBXProject;
			attributes = {
				LastSwiftUpdateCheck = 0940;
				LastUpgradeCheck = 0940;
				ORGANIZATIONNAME = "Gustavo Henrique";
				TargetAttributes = {
					193984C020E57E4200D11CC4 = {
						CreatedOnToolsVersion = 9.4.1;
					};
					193984D420E57E4400D11CC4 = {
						CreatedOnToolsVersion = 9.4.1;
						TestTargetID = 193984C020E57E4200D11CC4;
					};
				};
			};
			buildConfigurationList = 193984BC20E57E4200D11CC4 /* Build configuration list for PBXProject "cleanNews" */;
			compatibilityVersion = "Xcode 9.3";
			developmentRegion = en;
			hasScannedForEncodings = 0;
			knownRegions = (
				en,
				Base,
			);
			mainGroup = 193984B820E57E4200D11CC4;
			productRefGroup = 193984C220E57E4200D11CC4 /* Products */;
			projectDirPath = "";
			projectRoot = "";
			targets = (
				193984C020E57E4200D11CC4 /* cleanNews */,
				193984D420E57E4400D11CC4 /* cleanNewsTests */,
			);
		};
/* End PBXProject section */

/* Begin PBXResourcesBuildPhase section */
		193984BF20E57E4200D11CC4 /* Resources */ = {
			isa = PBXResourcesBuildPhase;
			buildActionMask = 2147483647;
			files = (
				193984CF20E57E4400D11CC4 /* LaunchScreen.storyboard in Resources */,
				193984CC20E57E4400D11CC4 /* Assets.xcassets in Resources */,
				193984CA20E57E4200D11CC4 /* Main.storyboard in Resources */,
			);
			runOnlyForDeploymentPostprocessing = 0;
		};
		193984D320E57E4400D11CC4 /* Resources */ = {
			isa = PBXResourcesBuildPhase;
			buildActionMask = 2147483647;
			files = (
			);
			runOnlyForDeploymentPostprocessing = 0;
		};
/* End PBXResourcesBuildPhase section */

/* Begin PBXShellScriptBuildPhase section */
		49D8ADFBAB1307C854A8937D /* [CP] Embed Pods Frameworks */ = {
			isa = PBXShellScriptBuildPhase;
			buildActionMask = 2147483647;
			files = (
			);
			inputPaths = (
				"${SRCROOT}/Pods/Target Support Files/Pods-cleanNews/Pods-cleanNews-frameworks.sh",
				"${BUILT_PRODUCTS_DIR}/Alamofire/Alamofire.framework",
				"${BUILT_PRODUCTS_DIR}/ObjectMapper/ObjectMapper.framework",
			);
			name = "[CP] Embed Pods Frameworks";
			outputPaths = (
				"${TARGET_BUILD_DIR}/${FRAMEWORKS_FOLDER_PATH}/Alamofire.framework",
				"${TARGET_BUILD_DIR}/${FRAMEWORKS_FOLDER_PATH}/ObjectMapper.framework",
			);
			runOnlyForDeploymentPostprocessing = 0;
			shellPath = /bin/sh;
			shellScript = "\"${SRCROOT}/Pods/Target Support Files/Pods-cleanNews/Pods-cleanNews-frameworks.sh\"\n";
			showEnvVarsInLog = 0;
		};
		69CBBD0E8785AC698CB963B5 /* [CP] Check Pods Manifest.lock */ = {
			isa = PBXShellScriptBuildPhase;
			buildActionMask = 2147483647;
			files = (
			);
			inputPaths = (
				"${PODS_PODFILE_DIR_PATH}/Podfile.lock",
				"${PODS_ROOT}/Manifest.lock",
			);
			name = "[CP] Check Pods Manifest.lock";
			outputPaths = (
				"$(DERIVED_FILE_DIR)/Pods-cleanNews-checkManifestLockResult.txt",
			);
			runOnlyForDeploymentPostprocessing = 0;
			shellPath = /bin/sh;
			shellScript = "diff \"${PODS_PODFILE_DIR_PATH}/Podfile.lock\" \"${PODS_ROOT}/Manifest.lock\" > /dev/null\nif [ $? != 0 ] ; then\n    # print error to STDERR\n    echo \"error: The sandbox is not in sync with the Podfile.lock. Run 'pod install' or update your CocoaPods installation.\" >&2\n    exit 1\nfi\n# This output is used by Xcode 'outputs' to avoid re-running this script phase.\necho \"SUCCESS\" > \"${SCRIPT_OUTPUT_FILE_0}\"\n";
			showEnvVarsInLog = 0;
		};
		9A05EEE7C2B24BD12B9EABFD /* [CP] Check Pods Manifest.lock */ = {
			isa = PBXShellScriptBuildPhase;
			buildActionMask = 2147483647;
			files = (
			);
			inputPaths = (
				"${PODS_PODFILE_DIR_PATH}/Podfile.lock",
				"${PODS_ROOT}/Manifest.lock",
			);
			name = "[CP] Check Pods Manifest.lock";
			outputPaths = (
				"$(DERIVED_FILE_DIR)/Pods-cleanNewsTests-checkManifestLockResult.txt",
			);
			runOnlyForDeploymentPostprocessing = 0;
			shellPath = /bin/sh;
			shellScript = "diff \"${PODS_PODFILE_DIR_PATH}/Podfile.lock\" \"${PODS_ROOT}/Manifest.lock\" > /dev/null\nif [ $? != 0 ] ; then\n    # print error to STDERR\n    echo \"error: The sandbox is not in sync with the Podfile.lock. Run 'pod install' or update your CocoaPods installation.\" >&2\n    exit 1\nfi\n# This output is used by Xcode 'outputs' to avoid re-running this script phase.\necho \"SUCCESS\" > \"${SCRIPT_OUTPUT_FILE_0}\"\n";
			showEnvVarsInLog = 0;
		};
/* End PBXShellScriptBuildPhase section */

/* Begin PBXSourcesBuildPhase section */
		193984BD20E57E4200D11CC4 /* Sources */ = {
			isa = PBXSourcesBuildPhase;
			buildActionMask = 2147483647;
			files = (
				193984C720E57E4200D11CC4 /* ViewController.swift in Sources */,
				193984C520E57E4200D11CC4 /* AppDelegate.swift in Sources */,
				196F5AD820E66BAB00816274 /* News.swift in Sources */,
				196F5ADA20E66BB400816274 /* Source.swift in Sources */,
				196F5AD620E669FA00816274 /* APIClient.swift in Sources */,
				196F5ADC20E6747800816274 /* NewsResponse.swift in Sources */,
			);
			runOnlyForDeploymentPostprocessing = 0;
		};
		193984D120E57E4400D11CC4 /* Sources */ = {
			isa = PBXSourcesBuildPhase;
			buildActionMask = 2147483647;
			files = (
				193984DA20E57E4400D11CC4 /* cleanNewsTests.swift in Sources */,
			);
			runOnlyForDeploymentPostprocessing = 0;
		};
/* End PBXSourcesBuildPhase section */

/* Begin PBXTargetDependency section */
		193984D720E57E4400D11CC4 /* PBXTargetDependency */ = {
			isa = PBXTargetDependency;
			target = 193984C020E57E4200D11CC4 /* cleanNews */;
			targetProxy = 193984D620E57E4400D11CC4 /* PBXContainerItemProxy */;
		};
/* End PBXTargetDependency section */

/* Begin PBXVariantGroup section */
		193984C820E57E4200D11CC4 /* Main.storyboard */ = {
			isa = PBXVariantGroup;
			children = (
				193984C920E57E4200D11CC4 /* Base */,
			);
			name = Main.storyboard;
			sourceTree = "<group>";
		};
		193984CD20E57E4400D11CC4 /* LaunchScreen.storyboard */ = {
			isa = PBXVariantGroup;
			children = (
				193984CE20E57E4400D11CC4 /* Base */,
			);
			name = LaunchScreen.storyboard;
			sourceTree = "<group>";
		};
/* End PBXVariantGroup section */

/* Begin XCBuildConfiguration section */
		193984DC20E57E4400D11CC4 /* Debug */ = {
			isa = XCBuildConfiguration;
			buildSettings = {
				ALWAYS_SEARCH_USER_PATHS = NO;
				CLANG_ANALYZER_NONNULL = YES;
				CLANG_ANALYZER_NUMBER_OBJECT_CONVERSION = YES_AGGRESSIVE;
				CLANG_CXX_LANGUAGE_STANDARD = "gnu++14";
				CLANG_CXX_LIBRARY = "libc++";
				CLANG_ENABLE_MODULES = YES;
				CLANG_ENABLE_OBJC_ARC = YES;
				CLANG_ENABLE_OBJC_WEAK = YES;
				CLANG_WARN_BLOCK_CAPTURE_AUTORELEASING = YES;
				CLANG_WARN_BOOL_CONVERSION = YES;
				CLANG_WARN_COMMA = YES;
				CLANG_WARN_CONSTANT_CONVERSION = YES;
				CLANG_WARN_DEPRECATED_OBJC_IMPLEMENTATIONS = YES;
				CLANG_WARN_DIRECT_OBJC_ISA_USAGE = YES_ERROR;
				CLANG_WARN_DOCUMENTATION_COMMENTS = YES;
				CLANG_WARN_EMPTY_BODY = YES;
				CLANG_WARN_ENUM_CONVERSION = YES;
				CLANG_WARN_INFINITE_RECURSION = YES;
				CLANG_WARN_INT_CONVERSION = YES;
				CLANG_WARN_NON_LITERAL_NULL_CONVERSION = YES;
				CLANG_WARN_OBJC_IMPLICIT_RETAIN_SELF = YES;
				CLANG_WARN_OBJC_LITERAL_CONVERSION = YES;
				CLANG_WARN_OBJC_ROOT_CLASS = YES_ERROR;
				CLANG_WARN_RANGE_LOOP_ANALYSIS = YES;
				CLANG_WARN_STRICT_PROTOTYPES = YES;
				CLANG_WARN_SUSPICIOUS_MOVE = YES;
				CLANG_WARN_UNGUARDED_AVAILABILITY = YES_AGGRESSIVE;
				CLANG_WARN_UNREACHABLE_CODE = YES;
				CLANG_WARN__DUPLICATE_METHOD_MATCH = YES;
				CODE_SIGN_IDENTITY = "iPhone Developer";
				COPY_PHASE_STRIP = NO;
				DEBUG_INFORMATION_FORMAT = dwarf;
				ENABLE_STRICT_OBJC_MSGSEND = YES;
				ENABLE_TESTABILITY = YES;
				GCC_C_LANGUAGE_STANDARD = gnu11;
				GCC_DYNAMIC_NO_PIC = NO;
				GCC_NO_COMMON_BLOCKS = YES;
				GCC_OPTIMIZATION_LEVEL = 0;
				GCC_PREPROCESSOR_DEFINITIONS = (
					"DEBUG=1",
					"$(inherited)",
				);
				GCC_WARN_64_TO_32_BIT_CONVERSION = YES;
				GCC_WARN_ABOUT_RETURN_TYPE = YES_ERROR;
				GCC_WARN_UNDECLARED_SELECTOR = YES;
				GCC_WARN_UNINITIALIZED_AUTOS = YES_AGGRESSIVE;
				GCC_WARN_UNUSED_FUNCTION = YES;
				GCC_WARN_UNUSED_VARIABLE = YES;
				IPHONEOS_DEPLOYMENT_TARGET = 11.4;
				MTL_ENABLE_DEBUG_INFO = YES;
				ONLY_ACTIVE_ARCH = YES;
				SDKROOT = iphoneos;
				SWIFT_ACTIVE_COMPILATION_CONDITIONS = DEBUG;
				SWIFT_OPTIMIZATION_LEVEL = "-Onone";
			};
			name = Debug;
		};
		193984DD20E57E4400D11CC4 /* Release */ = {
			isa = XCBuildConfiguration;
			buildSettings = {
				ALWAYS_SEARCH_USER_PATHS = NO;
				CLANG_ANALYZER_NONNULL = YES;
				CLANG_ANALYZER_NUMBER_OBJECT_CONVERSION = YES_AGGRESSIVE;
				CLANG_CXX_LANGUAGE_STANDARD = "gnu++14";
				CLANG_CXX_LIBRARY = "libc++";
				CLANG_ENABLE_MODULES = YES;
				CLANG_ENABLE_OBJC_ARC = YES;
				CLANG_ENABLE_OBJC_WEAK = YES;
				CLANG_WARN_BLOCK_CAPTURE_AUTORELEASING = YES;
				CLANG_WARN_BOOL_CONVERSION = YES;
				CLANG_WARN_COMMA = YES;
				CLANG_WARN_CONSTANT_CONVERSION = YES;
				CLANG_WARN_DEPRECATED_OBJC_IMPLEMENTATIONS = YES;
				CLANG_WARN_DIRECT_OBJC_ISA_USAGE = YES_ERROR;
				CLANG_WARN_DOCUMENTATION_COMMENTS = YES;
				CLANG_WARN_EMPTY_BODY = YES;
				CLANG_WARN_ENUM_CONVERSION = YES;
				CLANG_WARN_INFINITE_RECURSION = YES;
				CLANG_WARN_INT_CONVERSION = YES;
				CLANG_WARN_NON_LITERAL_NULL_CONVERSION = YES;
				CLANG_WARN_OBJC_IMPLICIT_RETAIN_SELF = YES;
				CLANG_WARN_OBJC_LITERAL_CONVERSION = YES;
				CLANG_WARN_OBJC_ROOT_CLASS = YES_ERROR;
				CLANG_WARN_RANGE_LOOP_ANALYSIS = YES;
				CLANG_WARN_STRICT_PROTOTYPES = YES;
				CLANG_WARN_SUSPICIOUS_MOVE = YES;
				CLANG_WARN_UNGUARDED_AVAILABILITY = YES_AGGRESSIVE;
				CLANG_WARN_UNREACHABLE_CODE = YES;
				CLANG_WARN__DUPLICATE_METHOD_MATCH = YES;
				CODE_SIGN_IDENTITY = "iPhone Developer";
				COPY_PHASE_STRIP = NO;
				DEBUG_INFORMATION_FORMAT = "dwarf-with-dsym";
				ENABLE_NS_ASSERTIONS = NO;
				ENABLE_STRICT_OBJC_MSGSEND = YES;
				GCC_C_LANGUAGE_STANDARD = gnu11;
				GCC_NO_COMMON_BLOCKS = YES;
				GCC_WARN_64_TO_32_BIT_CONVERSION = YES;
				GCC_WARN_ABOUT_RETURN_TYPE = YES_ERROR;
				GCC_WARN_UNDECLARED_SELECTOR = YES;
				GCC_WARN_UNINITIALIZED_AUTOS = YES_AGGRESSIVE;
				GCC_WARN_UNUSED_FUNCTION = YES;
				GCC_WARN_UNUSED_VARIABLE = YES;
				IPHONEOS_DEPLOYMENT_TARGET = 11.4;
				MTL_ENABLE_DEBUG_INFO = NO;
				SDKROOT = iphoneos;
				SWIFT_COMPILATION_MODE = wholemodule;
				SWIFT_OPTIMIZATION_LEVEL = "-O";
				VALIDATE_PRODUCT = YES;
			};
			name = Release;
		};
		193984DF20E57E4400D11CC4 /* Debug */ = {
			isa = XCBuildConfiguration;
			baseConfigurationReference = 867CBEB888AD04CF357813BF /* Pods-cleanNews.debug.xcconfig */;
			buildSettings = {
				ASSETCATALOG_COMPILER_APPICON_NAME = AppIcon;
				CODE_SIGN_IDENTITY = "iPhone Developer";
				CODE_SIGN_STYLE = Automatic;
				DEVELOPMENT_TEAM = 3HZUQ64PXB;
				INFOPLIST_FILE = cleanNews/Info.plist;
				LD_RUNPATH_SEARCH_PATHS = (
					"$(inherited)",
					"@executable_path/Frameworks",
				);
				PRODUCT_BUNDLE_IDENTIFIER = com.gh.cleanNews;
				PRODUCT_NAME = "$(TARGET_NAME)";
				PROVISIONING_PROFILE_SPECIFIER = "";
				SWIFT_VERSION = 4.0;
				TARGETED_DEVICE_FAMILY = "1,2";
			};
			name = Debug;
		};
		193984E020E57E4400D11CC4 /* Release */ = {
			isa = XCBuildConfiguration;
			baseConfigurationReference = 45EA641D52B1C4DC51C243FA /* Pods-cleanNews.release.xcconfig */;
			buildSettings = {
				ASSETCATALOG_COMPILER_APPICON_NAME = AppIcon;
				CODE_SIGN_IDENTITY = "iPhone Developer";
				CODE_SIGN_STYLE = Automatic;
				DEVELOPMENT_TEAM = 3HZUQ64PXB;
				INFOPLIST_FILE = cleanNews/Info.plist;
				LD_RUNPATH_SEARCH_PATHS = (
					"$(inherited)",
					"@executable_path/Frameworks",
				);
				PRODUCT_BUNDLE_IDENTIFIER = com.gh.cleanNews;
				PRODUCT_NAME = "$(TARGET_NAME)";
				PROVISIONING_PROFILE_SPECIFIER = "";
				SWIFT_VERSION = 4.0;
				TARGETED_DEVICE_FAMILY = "1,2";
			};
			name = Release;
		};
		193984E220E57E4400D11CC4 /* Debug */ = {
			isa = XCBuildConfiguration;
			baseConfigurationReference = 1AAAE10D8FE55AEEDB8FCCC9 /* Pods-cleanNewsTests.debug.xcconfig */;
			buildSettings = {
				ALWAYS_EMBED_SWIFT_STANDARD_LIBRARIES = YES;
				BUNDLE_LOADER = "$(TEST_HOST)";
				CODE_SIGN_STYLE = Automatic;
				DEVELOPMENT_TEAM = 3HZUQ64PXB;
				INFOPLIST_FILE = cleanNewsTests/Info.plist;
				LD_RUNPATH_SEARCH_PATHS = (
					"$(inherited)",
					"@executable_path/Frameworks",
					"@loader_path/Frameworks",
				);
				PRODUCT_BUNDLE_IDENTIFIER = com.gh.cleanNewsTests;
				PRODUCT_NAME = "$(TARGET_NAME)";
				SWIFT_VERSION = 4.0;
				TARGETED_DEVICE_FAMILY = "1,2";
				TEST_HOST = "$(BUILT_PRODUCTS_DIR)/cleanNews.app/cleanNews";
			};
			name = Debug;
		};
		193984E320E57E4400D11CC4 /* Release */ = {
			isa = XCBuildConfiguration;
			baseConfigurationReference = 62826B2CD94BC345ADAEF474 /* Pods-cleanNewsTests.release.xcconfig */;
			buildSettings = {
				ALWAYS_EMBED_SWIFT_STANDARD_LIBRARIES = YES;
				BUNDLE_LOADER = "$(TEST_HOST)";
				CODE_SIGN_STYLE = Automatic;
				DEVELOPMENT_TEAM = 3HZUQ64PXB;
				INFOPLIST_FILE = cleanNewsTests/Info.plist;
				LD_RUNPATH_SEARCH_PATHS = (
					"$(inherited)",
					"@executable_path/Frameworks",
					"@loader_path/Frameworks",
				);
				PRODUCT_BUNDLE_IDENTIFIER = com.gh.cleanNewsTests;
				PRODUCT_NAME = "$(TARGET_NAME)";
				SWIFT_VERSION = 4.0;
				TARGETED_DEVICE_FAMILY = "1,2";
				TEST_HOST = "$(BUILT_PRODUCTS_DIR)/cleanNews.app/cleanNews";
			};
			name = Release;
		};
/* End XCBuildConfiguration section */

/* Begin XCConfigurationList section */
		193984BC20E57E4200D11CC4 /* Build configuration list for PBXProject "cleanNews" */ = {
			isa = XCConfigurationList;
			buildConfigurations = (
				193984DC20E57E4400D11CC4 /* Debug */,
				193984DD20E57E4400D11CC4 /* Release */,
			);
			defaultConfigurationIsVisible = 0;
			defaultConfigurationName = Release;
		};
		193984DE20E57E4400D11CC4 /* Build configuration list for PBXNativeTarget "cleanNews" */ = {
			isa = XCConfigurationList;
			buildConfigurations = (
				193984DF20E57E4400D11CC4 /* Debug */,
				193984E020E57E4400D11CC4 /* Release */,
			);
			defaultConfigurationIsVisible = 0;
			defaultConfigurationName = Release;
		};
		193984E120E57E4400D11CC4 /* Build configuration list for PBXNativeTarget "cleanNewsTests" */ = {
			isa = XCConfigurationList;
			buildConfigurations = (
				193984E220E57E4400D11CC4 /* Debug */,
				193984E320E57E4400D11CC4 /* Release */,
			);
			defaultConfigurationIsVisible = 0;
			defaultConfigurationName = Release;
		};
/* End XCConfigurationList section */
	};
	rootObject = 193984B920E57E4200D11CC4 /* Project object */;
}
